
Microsoft Visual Studio Solution File, Format Version 11.00
# Visual Studio 2010
Project("{8BC9CEB8-8B4A-11D0-8D11-00A0C91BC942}") = "MyShop", "MyShop\MyShop.vcxproj", "{B1424E04-040D-4AFD-9F27-ECB3E43D3AB6}"
EndProject
Global
	GlobalSection(SolutionConfigurationPlatforms) = preSolution
		Debug|Win32 = Debug|Win32
		Release|Win32 = Release|Win32
	EndGlobalSection
	GlobalSection(ProjectConfigurationPlatforms) = postSolution
		{B1424E04-040D-4AFD-9F27-ECB3E43D3AB6}.Debug|Win32.ActiveCfg = Debug|Win32
		{B1424E04-040D-4AFD-9F27-ECB3E43D3AB6}.Debug|Win32.Build.0 = Debug|Win32
		{B1424E04-040D-4AFD-9F27-ECB3E43D3AB6}.Release|Win32.ActiveCfg = Release|Win32
		{B1424E04-040D-4AFD-9F27-ECB3E43D3AB6}.Release|Win32.Build.0 = Release|Win32
	EndGlobalSection
	GlobalSection(SolutionProperties) = preSolution
		HideSolutionNode = FALSE
	EndGlobalSection
EndGlobal
